
Microsoft Visual Studio Solution File, Format Version 12.00
# Visual Studio Version 17
VisualStudioVersion = 17.5.002.0
MinimumVisualStudioVersion = 10.0.40219.1
Project("{2150E333-8FDC-42A3-9474-1A3956D46DE8}") = "csharp-prep", "csharp-prep", "{408779E1-6D35-4844-915B-D1E00F6D4951}"
EndProject
Project("{9A19103F-16F7-4668-BE54-9A1E7A4F7556}") = "Prep1", "csharp-prep\Prep1\Prep1.csproj", "{C52F5136-0190-42A9-9FD7-D71EDE74864D}"
EndProject
Project("{9A19103F-16F7-4668-BE54-9A1E7A4F7556}") = "Prep2", "csharp-prep\Prep2\Prep2.csproj", "{A044C1CE-89A5-4AD6-920A-63B8F764CC22}"
EndProject
Project("{9A19103F-16F7-4668-BE54-9A1E7A4F7556}") = "Prep3", "csharp-prep\Prep3\Prep3.csproj", "{3D1AA23A-099B-4B4E-A713-8101914158B0}"
EndProject
Project("{9A19103F-16F7-4668-BE54-9A1E7A4F7556}") = "Prep4", "csharp-prep\Prep4\Prep4.csproj", "{70F57525-6183-4036-9BBF-2434874DABFF}"
EndProject
Project("{9A19103F-16F7-4668-BE54-9A1E7A4F7556}") = "Prep5", "csharp-prep\Prep5\Prep5.csproj", "{8701C13F-44EC-4992-82CF-3B836B91EBA5}"
EndProject
Project("{2150E333-8FDC-42A3-9474-1A3956D46DE8}") = "final", "final", "{C1330177-11A3-48E9-AA80-B84CAF6FCD19}"
EndProject
Project("{9A19103F-16F7-4668-BE54-9A1E7A4F7556}") = "FinalProject", "final\FinalProject\FinalProject.csproj", "{A8F249D1-CAFA-43D9-B101-04708BD3DE44}"
EndProject
Project("{9A19103F-16F7-4668-BE54-9A1E7A4F7556}") = "Foundation1", "final\Foundation1\Foundation1.csproj", "{67558C05-A475-417B-BF70-BE21F8ECE8C1}"
EndProject
Project("{9A19103F-16F7-4668-BE54-9A1E7A4F7556}") = "Foundation2", "final\Foundation2\Foundation2.csproj", "{5230D07C-3EFF-4CA2-A7F9-6C0D9A9C46E5}"
EndProject
Project("{9A19103F-16F7-4668-BE54-9A1E7A4F7556}") = "Foundation3", "final\Foundation3\Foundation3.csproj", "{9FDB70CC-7375-4069-A17C-DB3030BB50A7}"
EndProject
Project("{9A19103F-16F7-4668-BE54-9A1E7A4F7556}") = "Foundation4", "final\Foundation4\Foundation4.csproj", "{92376831-1CDC-4B88-B467-6AFC5E2D1087}"
EndProject
Project("{2150E333-8FDC-42A3-9474-1A3956D46DE8}") = "prepare", "prepare", "{F74B7BC7-261B-476F-95E5-497811347EDC}"
EndProject
Project("{9A19103F-16F7-4668-BE54-9A1E7A4F7556}") = "Learning02", "prepare\Learning02\Learning02.csproj", "{0F722EF0-8428-4608-944D-300D0EF69CA6}"
EndProject
Project("{9A19103F-16F7-4668-BE54-9A1E7A4F7556}") = "Learning03", "prepare\Learning03\Learning03.csproj", "{CE3A6E04-6998-46BF-B6C3-59D14CB6F124}"
EndProject
Project("{9A19103F-16F7-4668-BE54-9A1E7A4F7556}") = "Learning04", "prepare\Learning04\Learning04.csproj", "{9A91E943-85DD-4374-BA6D-6F8922249276}"
EndProject
Project("{9A19103F-16F7-4668-BE54-9A1E7A4F7556}") = "Learning05", "prepare\Learning05\Learning05.csproj", "{FAE1F268-AA0D-456A-8C6A-B5BBE1D142C5}"
EndProject
Project("{2150E333-8FDC-42A3-9474-1A3956D46DE8}") = "prove", "prove", "{B9C05AC6-A035-4922-B643-B1E8472E95A3}"
EndProject
Project("{9A19103F-16F7-4668-BE54-9A1E7A4F7556}") = "Develop02", "prove\Develop02\Develop02.csproj", "{6F5D388C-6A7E-4D06-99F0-1D65D6F87AB5}"
EndProject
Project("{9A19103F-16F7-4668-BE54-9A1E7A4F7556}") = "Develop03", "prove\Develop03\Develop03.csproj", "{8F147139-DC2D-4C3C-B126-ACE8E0A50793}"
EndProject
Project("{9A19103F-16F7-4668-BE54-9A1E7A4F7556}") = "Develop04", "prove\Develop04\Develop04.csproj", "{9E3A783D-B4A3-4A2C-87CE-2B80E1D4906E}"
EndProject
Project("{9A19103F-16F7-4668-BE54-9A1E7A4F7556}") = "Develop05", "prove\Develop05\Develop05.csproj", "{08BC9415-F665-47D8-A648-E13085BAC2B8}"
EndProject
Project("{2150E333-8FDC-42A3-9474-1A3956D46DE8}") = "sandbox", "sandbox", "{FBBDED23-8477-47B1-9397-891DD9B6A4AD}"
EndProject
Project("{9A19103F-16F7-4668-BE54-9A1E7A4F7556}") = "Sandbox", "sandbox\Sandbox\Sandbox.csproj", "{E78E65AE-F62F-454D-9C2C-8288AD80DBC1}"
EndProject
Global
	GlobalSection(SolutionConfigurationPlatforms) = preSolution
		Debug|Any CPU = Debug|Any CPU
		Release|Any CPU = Release|Any CPU
	EndGlobalSection
	GlobalSection(ProjectConfigurationPlatforms) = postSolution
		{C52F5136-0190-42A9-9FD7-D71EDE74864D}.Debug|Any CPU.ActiveCfg = Debug|Any CPU
		{C52F5136-0190-42A9-9FD7-D71EDE74864D}.Debug|Any CPU.Build.0 = Debug|Any CPU
		{C52F5136-0190-42A9-9FD7-D71EDE74864D}.Release|Any CPU.ActiveCfg = Release|Any CPU
		{C52F5136-0190-42A9-9FD7-D71EDE74864D}.Release|Any CPU.Build.0 = Release|Any CPU
		{A044C1CE-89A5-4AD6-920A-63B8F764CC22}.Debug|Any CPU.ActiveCfg = Debug|Any CPU
		{A044C1CE-89A5-4AD6-920A-63B8F764CC22}.Debug|Any CPU.Build.0 = Debug|Any CPU
		{A044C1CE-89A5-4AD6-920A-63B8F764CC22}.Release|Any CPU.ActiveCfg = Release|Any CPU
		{A044C1CE-89A5-4AD6-920A-63B8F764CC22}.Release|Any CPU.Build.0 = Release|Any CPU
		{3D1AA23A-099B-4B4E-A713-8101914158B0}.Debug|Any CPU.ActiveCfg = Debug|Any CPU
		{3D1AA23A-099B-4B4E-A713-8101914158B0}.Debug|Any CPU.Build.0 = Debug|Any CPU
		{3D1AA23A-099B-4B4E-A713-8101914158B0}.Release|Any CPU.ActiveCfg = Release|Any CPU
		{3D1AA23A-099B-4B4E-A713-8101914158B0}.Release|Any CPU.Build.0 = Release|Any CPU
		{70F57525-6183-4036-9BBF-2434874DABFF}.Debug|Any CPU.ActiveCfg = Debug|Any CPU
		{70F57525-6183-4036-9BBF-2434874DABFF}.Debug|Any CPU.Build.0 = Debug|Any CPU
		{70F57525-6183-4036-9BBF-2434874DABFF}.Release|Any CPU.ActiveCfg = Release|Any CPU
		{70F57525-6183-4036-9BBF-2434874DABFF}.Release|Any CPU.Build.0 = Release|Any CPU
		{8701C13F-44EC-4992-82CF-3B836B91EBA5}.Debug|Any CPU.ActiveCfg = Debug|Any CPU
		{8701C13F-44EC-4992-82CF-3B836B91EBA5}.Debug|Any CPU.Build.0 = Debug|Any CPU
		{8701C13F-44EC-4992-82CF-3B836B91EBA5}.Release|Any CPU.ActiveCfg = Release|Any CPU
		{8701C13F-44EC-4992-82CF-3B836B91EBA5}.Release|Any CPU.Build.0 = Release|Any CPU
		{A8F249D1-CAFA-43D9-B101-04708BD3DE44}.Debug|Any CPU.ActiveCfg = Debug|Any CPU
		{A8F249D1-CAFA-43D9-B101-04708BD3DE44}.Debug|Any CPU.Build.0 = Debug|Any CPU
		{A8F249D1-CAFA-43D9-B101-04708BD3DE44}.Release|Any CPU.ActiveCfg = Release|Any CPU
		{A8F249D1-CAFA-43D9-B101-04708BD3DE44}.Release|Any CPU.Build.0 = Release|Any CPU
		{67558C05-A475-417B-BF70-BE21F8ECE8C1}.Debug|Any CPU.ActiveCfg = Debug|Any CPU
		{67558C05-A475-417B-BF70-BE21F8ECE8C1}.Debug|Any CPU.Build.0 = Debug|Any CPU
		{67558C05-A475-417B-BF70-BE21F8ECE8C1}.Release|Any CPU.ActiveCfg = Release|Any CPU
		{67558C05-A475-417B-BF70-BE21F8ECE8C1}.Release|Any CPU.Build.0 = Release|Any CPU
		{5230D07C-3EFF-4CA2-A7F9-6C0D9A9C46E5}.Debug|Any CPU.ActiveCfg = Debug|Any CPU
		{5230D07C-3EFF-4CA2-A7F9-6C0D9A9C46E5}.Debug|Any CPU.Build.0 = Debug|Any CPU
		{5230D07C-3EFF-4CA2-A7F9-6C0D9A9C46E5}.Release|Any CPU.ActiveCfg = Release|Any CPU
		{5230D07C-3EFF-4CA2-A7F9-6C0D9A9C46E5}.Release|Any CPU.Build.0 = Release|Any CPU
		{9FDB70CC-7375-4069-A17C-DB3030BB50A7}.Debug|Any CPU.ActiveCfg = Debug|Any CPU
		{9FDB70CC-7375-4069-A17C-DB3030BB50A7}.Debug|Any CPU.Build.0 = Debug|Any CPU
		{9FDB70CC-7375-4069-A17C-DB3030BB50A7}.Release|Any CPU.ActiveCfg = Release|Any CPU
		{9FDB70CC-7375-4069-A17C-DB3030BB50A7}.Release|Any CPU.Build.0 = Release|Any CPU
		{92376831-1CDC-4B88-B467-6AFC5E2D1087}.Debug|Any CPU.ActiveCfg = Debug|Any CPU
		{92376831-1CDC-4B88-B467-6AFC5E2D1087}.Debug|Any CPU.Build.0 = Debug|Any CPU
		{92376831-1CDC-4B88-B467-6AFC5E2D1087}.Release|Any CPU.ActiveCfg = Release|Any CPU
		{92376831-1CDC-4B88-B467-6AFC5E2D1087}.Release|Any CPU.Build.0 = Release|Any CPU
		{0F722EF0-8428-4608-944D-300D0EF69CA6}.Debug|Any CPU.ActiveCfg = Debug|Any CPU
		{0F722EF0-8428-4608-944D-300D0EF69CA6}.Debug|Any CPU.Build.0 = Debug|Any CPU
		{0F722EF0-8428-4608-944D-300D0EF69CA6}.Release|Any CPU.ActiveCfg = Release|Any CPU
		{0F722EF0-8428-4608-944D-300D0EF69CA6}.Release|Any CPU.Build.0 = Release|Any CPU
		{CE3A6E04-6998-46BF-B6C3-59D14CB6F124}.Debug|Any CPU.ActiveCfg = Debug|Any CPU
		{CE3A6E04-6998-46BF-B6C3-59D14CB6F124}.Debug|Any CPU.Build.0 = Debug|Any CPU
		{CE3A6E04-6998-46BF-B6C3-59D14CB6F124}.Release|Any CPU.ActiveCfg = Release|Any CPU
		{CE3A6E04-6998-46BF-B6C3-59D14CB6F124}.Release|Any CPU.Build.0 = Release|Any CPU
		{9A91E943-85DD-4374-BA6D-6F8922249276}.Debug|Any CPU.ActiveCfg = Debug|Any CPU
		{9A91E943-85DD-4374-BA6D-6F8922249276}.Debug|Any CPU.Build.0 = Debug|Any CPU
		{9A91E943-85DD-4374-BA6D-6F8922249276}.Release|Any CPU.ActiveCfg = Release|Any CPU
		{9A91E943-85DD-4374-BA6D-6F8922249276}.Release|Any CPU.Build.0 = Release|Any CPU
		{FAE1F268-AA0D-456A-8C6A-B5BBE1D142C5}.Debug|Any CPU.ActiveCfg = Debug|Any CPU
		{FAE1F268-AA0D-456A-8C6A-B5BBE1D142C5}.Debug|Any CPU.Build.0 = Debug|Any CPU
		{FAE1F268-AA0D-456A-8C6A-B5BBE1D142C5}.Release|Any CPU.ActiveCfg = Release|Any CPU
		{FAE1F268-AA0D-456A-8C6A-B5BBE1D142C5}.Release|Any CPU.Build.0 = Release|Any CPU
		{6F5D388C-6A7E-4D06-99F0-1D65D6F87AB5}.Debug|Any CPU.ActiveCfg = Debug|Any CPU
		{6F5D388C-6A7E-4D06-99F0-1D65D6F87AB5}.Debug|Any CPU.Build.0 = Debug|Any CPU
		{6F5D388C-6A7E-4D06-99F0-1D65D6F87AB5}.Release|Any CPU.ActiveCfg = Release|Any CPU
		{6F5D388C-6A7E-4D06-99F0-1D65D6F87AB5}.Release|Any CPU.Build.0 = Release|Any CPU
		{8F147139-DC2D-4C3C-B126-ACE8E0A50793}.Debug|Any CPU.ActiveCfg = Debug|Any CPU
		{8F147139-DC2D-4C3C-B126-ACE8E0A50793}.Debug|Any CPU.Build.0 = Debug|Any CPU
		{8F147139-DC2D-4C3C-B126-ACE8E0A50793}.Release|Any CPU.ActiveCfg = Release|Any CPU
		{8F147139-DC2D-4C3C-B126-ACE8E0A50793}.Release|Any CPU.Build.0 = Release|Any CPU
		{9E3A783D-B4A3-4A2C-87CE-2B80E1D4906E}.Debug|Any CPU.ActiveCfg = Debug|Any CPU
		{9E3A783D-B4A3-4A2C-87CE-2B80E1D4906E}.Debug|Any CPU.Build.0 = Debug|Any CPU
		{9E3A783D-B4A3-4A2C-87CE-2B80E1D4906E}.Release|Any CPU.ActiveCfg = Release|Any CPU
		{9E3A783D-B4A3-4A2C-87CE-2B80E1D4906E}.Release|Any CPU.Build.0 = Release|Any CPU
		{08BC9415-F665-47D8-A648-E13085BAC2B8}.Debug|Any CPU.ActiveCfg = Debug|Any CPU
		{08BC9415-F665-47D8-A648-E13085BAC2B8}.Debug|Any CPU.Build.0 = Debug|Any CPU
		{08BC9415-F665-47D8-A648-E13085BAC2B8}.Release|Any CPU.ActiveCfg = Release|Any CPU
		{08BC9415-F665-47D8-A648-E13085BAC2B8}.Release|Any CPU.Build.0 = Release|Any CPU
		{E78E65AE-F62F-454D-9C2C-8288AD80DBC1}.Debug|Any CPU.ActiveCfg = Debug|Any CPU
		{E78E65AE-F62F-454D-9C2C-8288AD80DBC1}.Debug|Any CPU.Build.0 = Debug|Any CPU
		{E78E65AE-F62F-454D-9C2C-8288AD80DBC1}.Release|Any CPU.ActiveCfg = Release|Any CPU
		{E78E65AE-F62F-454D-9C2C-8288AD80DBC1}.Release|Any CPU.Build.0 = Release|Any CPU
	EndGlobalSection
	GlobalSection(SolutionProperties) = preSolution
		HideSolutionNode = FALSE
	EndGlobalSection
	GlobalSection(NestedProjects) = preSolution
		{C52F5136-0190-42A9-9FD7-D71EDE74864D} = {408779E1-6D35-4844-915B-D1E00F6D4951}
		{A044C1CE-89A5-4AD6-920A-63B8F764CC22} = {408779E1-6D35-4844-915B-D1E00F6D4951}
		{3D1AA23A-099B-4B4E-A713-8101914158B0} = {408779E1-6D35-4844-915B-D1E00F6D4951}
		{70F57525-6183-4036-9BBF-2434874DABFF} = {408779E1-6D35-4844-915B-D1E00F6D4951}
		{8701C13F-44EC-4992-82CF-3B836B91EBA5} = {408779E1-6D35-4844-915B-D1E00F6D4951}
		{A8F249D1-CAFA-43D9-B101-04708BD3DE44} = {C1330177-11A3-48E9-AA80-B84CAF6FCD19}
		{67558C05-A475-417B-BF70-BE21F8ECE8C1} = {C1330177-11A3-48E9-AA80-B84CAF6FCD19}
		{5230D07C-3EFF-4CA2-A7F9-6C0D9A9C46E5} = {C1330177-11A3-48E9-AA80-B84CAF6FCD19}
		{9FDB70CC-7375-4069-A17C-DB3030BB50A7} = {C1330177-11A3-48E9-AA80-B84CAF6FCD19}
		{92376831-1CDC-4B88-B467-6AFC5E2D1087} = {C1330177-11A3-48E9-AA80-B84CAF6FCD19}
		{0F722EF0-8428-4608-944D-300D0EF69CA6} = {F74B7BC7-261B-476F-95E5-497811347EDC}
		{CE3A6E04-6998-46BF-B6C3-59D14CB6F124} = {F74B7BC7-261B-476F-95E5-497811347EDC}
		{9A91E943-85DD-4374-BA6D-6F8922249276} = {F74B7BC7-261B-476F-95E5-497811347EDC}
		{FAE1F268-AA0D-456A-8C6A-B5BBE1D142C5} = {F74B7BC7-261B-476F-95E5-497811347EDC}
		{6F5D388C-6A7E-4D06-99F0-1D65D6F87AB5} = {B9C05AC6-A035-4922-B643-B1E8472E95A3}
		{8F147139-DC2D-4C3C-B126-ACE8E0A50793} = {B9C05AC6-A035-4922-B643-B1E8472E95A3}
		{9E3A783D-B4A3-4A2C-87CE-2B80E1D4906E} = {B9C05AC6-A035-4922-B643-B1E8472E95A3}
		{08BC9415-F665-47D8-A648-E13085BAC2B8} = {B9C05AC6-A035-4922-B643-B1E8472E95A3}
		{E78E65AE-F62F-454D-9C2C-8288AD80DBC1} = {FBBDED23-8477-47B1-9397-891DD9B6A4AD}
	EndGlobalSection
	GlobalSection(ExtensibilityGlobals) = postSolution
		SolutionGuid = {A88D3E32-12AF-44A6-B7E8-1503E413E71D}
	EndGlobalSection
EndGlobal
